
Microsoft Visual Studio Solution File, Format Version 12.00
# Visual Studio Version 16
VisualStudioVersion = 16.0.31402.337
MinimumVisualStudioVersion = 10.0.40219.1
Project("{2150E333-8FDC-42A3-9474-1A3956D46DE8}") = "src", "src", "{FE46CCC1-2546-47C9-B026-C8D09F7D554F}"
EndProject
Project("{2150E333-8FDC-42A3-9474-1A3956D46DE8}") = "Dominio", "Dominio", "{10E3EB5A-FEDC-459E-9D68-BB7BC5B00D99}"
EndProject
Project("{2150E333-8FDC-42A3-9474-1A3956D46DE8}") = "Infra", "Infra", "{C20AC360-2292-4DF0-AAAB-DD90A1694757}"
EndProject
Project("{2150E333-8FDC-42A3-9474-1A3956D46DE8}") = "WebApp", "WebApp", "{8622FF07-96A7-4C41-98E5-0C01369E5779}"
EndProject
Project("{9A19103F-16F7-4668-BE54-9A1E7A4F7556}") = "WebApp", "src\WebApp\WebApp\WebApp.csproj", "{315785F0-C905-4579-967C-7E4BDE290190}"
EndProject
Project("{9A19103F-16F7-4668-BE54-9A1E7A4F7556}") = "Dominio", "src\Dominio\Dominio\Dominio.csproj", "{5C56CA80-927E-4888-82DE-AAB62081BE06}"
EndProject
Project("{9A19103F-16F7-4668-BE54-9A1E7A4F7556}") = "Infra", "src\Infra\Infra\Infra.csproj", "{4DEEEE86-899E-4AC5-93A3-E7ABB9F2779E}"
EndProject
Project("{2150E333-8FDC-42A3-9474-1A3956D46DE8}") = "Historias", "Historias", "{F84B14F3-CAA5-4834-85A8-972D88CB9ED3}"
EndProject
Project("{FAE04EC0-301F-11D3-BF4B-00C04F79EFBC}") = "Historias", "src\Historias\Historias\Historias.csproj", "{D17D7EAD-4822-40E9-BC29-A799B4B30910}"
EndProject
Global
	GlobalSection(SolutionConfigurationPlatforms) = preSolution
		Debug|Any CPU = Debug|Any CPU
		Release|Any CPU = Release|Any CPU
	EndGlobalSection
	GlobalSection(ProjectConfigurationPlatforms) = postSolution
		{315785F0-C905-4579-967C-7E4BDE290190}.Debug|Any CPU.ActiveCfg = Debug|Any CPU
		{315785F0-C905-4579-967C-7E4BDE290190}.Debug|Any CPU.Build.0 = Debug|Any CPU
		{315785F0-C905-4579-967C-7E4BDE290190}.Release|Any CPU.ActiveCfg = Release|Any CPU
		{315785F0-C905-4579-967C-7E4BDE290190}.Release|Any CPU.Build.0 = Release|Any CPU
		{5C56CA80-927E-4888-82DE-AAB62081BE06}.Debug|Any CPU.ActiveCfg = Debug|Any CPU
		{5C56CA80-927E-4888-82DE-AAB62081BE06}.Debug|Any CPU.Build.0 = Debug|Any CPU
		{5C56CA80-927E-4888-82DE-AAB62081BE06}.Release|Any CPU.ActiveCfg = Release|Any CPU
		{5C56CA80-927E-4888-82DE-AAB62081BE06}.Release|Any CPU.Build.0 = Release|Any CPU
		{4DEEEE86-899E-4AC5-93A3-E7ABB9F2779E}.Debug|Any CPU.ActiveCfg = Debug|Any CPU
		{4DEEEE86-899E-4AC5-93A3-E7ABB9F2779E}.Debug|Any CPU.Build.0 = Debug|Any CPU
		{4DEEEE86-899E-4AC5-93A3-E7ABB9F2779E}.Release|Any CPU.ActiveCfg = Release|Any CPU
		{4DEEEE86-899E-4AC5-93A3-E7ABB9F2779E}.Release|Any CPU.Build.0 = Release|Any CPU
		{D17D7EAD-4822-40E9-BC29-A799B4B30910}.Debug|Any CPU.ActiveCfg = Debug|Any CPU
		{D17D7EAD-4822-40E9-BC29-A799B4B30910}.Debug|Any CPU.Build.0 = Debug|Any CPU
		{D17D7EAD-4822-40E9-BC29-A799B4B30910}.Release|Any CPU.ActiveCfg = Release|Any CPU
		{D17D7EAD-4822-40E9-BC29-A799B4B30910}.Release|Any CPU.Build.0 = Release|Any CPU
	EndGlobalSection
	GlobalSection(SolutionProperties) = preSolution
		HideSolutionNode = FALSE
	EndGlobalSection
	GlobalSection(NestedProjects) = preSolution
		{10E3EB5A-FEDC-459E-9D68-BB7BC5B00D99} = {FE46CCC1-2546-47C9-B026-C8D09F7D554F}
		{C20AC360-2292-4DF0-AAAB-DD90A1694757} = {FE46CCC1-2546-47C9-B026-C8D09F7D554F}
		{8622FF07-96A7-4C41-98E5-0C01369E5779} = {FE46CCC1-2546-47C9-B026-C8D09F7D554F}
		{315785F0-C905-4579-967C-7E4BDE290190} = {8622FF07-96A7-4C41-98E5-0C01369E5779}
		{5C56CA80-927E-4888-82DE-AAB62081BE06} = {10E3EB5A-FEDC-459E-9D68-BB7BC5B00D99}
		{4DEEEE86-899E-4AC5-93A3-E7ABB9F2779E} = {C20AC360-2292-4DF0-AAAB-DD90A1694757}
		{F84B14F3-CAA5-4834-85A8-972D88CB9ED3} = {FE46CCC1-2546-47C9-B026-C8D09F7D554F}
		{D17D7EAD-4822-40E9-BC29-A799B4B30910} = {F84B14F3-CAA5-4834-85A8-972D88CB9ED3}
	EndGlobalSection
	GlobalSection(ExtensibilityGlobals) = postSolution
		SolutionGuid = {F8CEFAA7-839C-4CDE-B908-9A1D0B875129}
	EndGlobalSection
EndGlobal
